// !$*UTF8*$!
{
	archiveVersion = 1;
	classes = {
	};
	objectVersion = 50;
	objects = {

/* Begin PBXBuildFile section */
		7B6003942488F01C00149E9D /* AppDelegate.swift in Sources */ = {isa = PBXBuildFile; fileRef = 7B6003932488F01C00149E9D /* AppDelegate.swift */; };
		7B6003962488F01C00149E9D /* SceneDelegate.swift in Sources */ = {isa = PBXBuildFile; fileRef = 7B6003952488F01C00149E9D /* SceneDelegate.swift */; };
		7B6003982488F01C00149E9D /* ViewController.swift in Sources */ = {isa = PBXBuildFile; fileRef = 7B6003972488F01C00149E9D /* ViewController.swift */; };
		7B60039B2488F01C00149E9D /* Main.storyboard in Resources */ = {isa = PBXBuildFile; fileRef = 7B6003992488F01C00149E9D /* Main.storyboard */; };
		7B60039D2488F01E00149E9D /* Assets.xcassets in Resources */ = {isa = PBXBuildFile; fileRef = 7B60039C2488F01E00149E9D /* Assets.xcassets */; };
		7B6003A02488F01E00149E9D /* LaunchScreen.storyboard in Resources */ = {isa = PBXBuildFile; fileRef = 7B60039E2488F01E00149E9D /* LaunchScreen.storyboard */; };
		7B6003AB2488F01F00149E9D /* ExpandTableViewCell2Tests.swift in Sources */ = {isa = PBXBuildFile; fileRef = 7B6003AA2488F01F00149E9D /* ExpandTableViewCell2Tests.swift */; };
		7B6003B62488F01F00149E9D /* ExpandTableViewCell2UITests.swift in Sources */ = {isa = PBXBuildFile; fileRef = 7B6003B52488F01F00149E9D /* ExpandTableViewCell2UITests.swift */; };
		7B6003C42488F03800149E9D /* BaseExpandableTableViewCell.swift in Sources */ = {isa = PBXBuildFile; fileRef = 7B6003C32488F03800149E9D /* BaseExpandableTableViewCell.swift */; };
		7B6003C62488F0CD00149E9D /* MyModel.swift in Sources */ = {isa = PBXBuildFile; fileRef = 7B6003C52488F0CD00149E9D /* MyModel.swift */; };
		7B6003C82488F2AA00149E9D /* ExtraViewTableViewCell.swift in Sources */ = {isa = PBXBuildFile; fileRef = 7B6003C72488F2AA00149E9D /* ExtraViewTableViewCell.swift */; };
		7B6003CA2488F4EF00149E9D /* ExtraModel.swift in Sources */ = {isa = PBXBuildFile; fileRef = 7B6003C92488F4EF00149E9D /* ExtraModel.swift */; };
		7B68B18A248A2A6000D8A7EE /* MainModel.swift in Sources */ = {isa = PBXBuildFile; fileRef = 7B68B189248A2A6000D8A7EE /* MainModel.swift */; };
		7B68B18C248A2AB000D8A7EE /* Heights.swift in Sources */ = {isa = PBXBuildFile; fileRef = 7B68B18B248A2AB000D8A7EE /* Heights.swift */; };
/* End PBXBuildFile section */

/* Begin PBXContainerItemProxy section */
		7B6003A72488F01F00149E9D /* PBXContainerItemProxy */ = {
			isa = PBXContainerItemProxy;
			containerPortal = 7B6003882488F01C00149E9D /* Project object */;
			proxyType = 1;
			remoteGlobalIDString = 7B60038F2488F01C00149E9D;
			remoteInfo = ExpandTableViewCell2;
		};
		7B6003B22488F01F00149E9D /* PBXContainerItemProxy */ = {
			isa = PBXContainerItemProxy;
			containerPortal = 7B6003882488F01C00149E9D /* Project object */;
			proxyType = 1;
			remoteGlobalIDString = 7B60038F2488F01C00149E9D;
			remoteInfo = ExpandTableViewCell2;
		};
/* End PBXContainerItemProxy section */

/* Begin PBXFileReference section */
		7B6003902488F01C00149E9D /* ExpandTableViewCell2.app */ = {isa = PBXFileReference; explicitFileType = wrapper.application; includeInIndex = 0; path = ExpandTableViewCell2.app; sourceTree = BUILT_PRODUCTS_DIR; };
		7B6003932488F01C00149E9D /* AppDelegate.swift */ = {isa = PBXFileReference; lastKnownFileType = sourcecode.swift; path = AppDelegate.swift; sourceTree = "<group>"; };
		7B6003952488F01C00149E9D /* SceneDelegate.swift */ = {isa = PBXFileReference; lastKnownFileType = sourcecode.swift; path = SceneDelegate.swift; sourceTree = "<group>"; };
		7B6003972488F01C00149E9D /* ViewController.swift */ = {isa = PBXFileReference; lastKnownFileType = sourcecode.swift; path = ViewController.swift; sourceTree = "<group>"; };
		7B60039A2488F01C00149E9D /* Base */ = {isa = PBXFileReference; lastKnownFileType = file.storyboard; name = Base; path = Base.lproj/Main.storyboard; sourceTree = "<group>"; };
		7B60039C2488F01E00149E9D /* Assets.xcassets */ = {isa = PBXFileReference; lastKnownFileType = folder.assetcatalog; path = Assets.xcassets; sourceTree = "<group>"; };
		7B60039F2488F01E00149E9D /* Base */ = {isa = PBXFileReference; lastKnownFileType = file.storyboard; name = Base; path = Base.lproj/LaunchScreen.storyboard; sourceTree = "<group>"; };
		7B6003A12488F01E00149E9D /* Info.plist */ = {isa = PBXFileReference; lastKnownFileType = text.plist.xml; path = Info.plist; sourceTree = "<group>"; };
		7B6003A62488F01F00149E9D /* ExpandTableViewCell2Tests.xctest */ = {isa = PBXFileReference; explicitFileType = wrapper.cfbundle; includeInIndex = 0; path = ExpandTableViewCell2Tests.xctest; sourceTree = BUILT_PRODUCTS_DIR; };
		7B6003AA2488F01F00149E9D /* ExpandTableViewCell2Tests.swift */ = {isa = PBXFileReference; lastKnownFileType = sourcecode.swift; path = ExpandTableViewCell2Tests.swift; sourceTree = "<group>"; };
		7B6003AC2488F01F00149E9D /* Info.plist */ = {isa = PBXFileReference; lastKnownFileType = text.plist.xml; path = Info.plist; sourceTree = "<group>"; };
		7B6003B12488F01F00149E9D /* ExpandTableViewCell2UITests.xctest */ = {isa = PBXFileReference; explicitFileType = wrapper.cfbundle; includeInIndex = 0; path = ExpandTableViewCell2UITests.xctest; sourceTree = BUILT_PRODUCTS_DIR; };
		7B6003B52488F01F00149E9D /* ExpandTableViewCell2UITests.swift */ = {isa = PBXFileReference; lastKnownFileType = sourcecode.swift; path = ExpandTableViewCell2UITests.swift; sourceTree = "<group>"; };
		7B6003B72488F01F00149E9D /* Info.plist */ = {isa = PBXFileReference; lastKnownFileType = text.plist.xml; path = Info.plist; sourceTree = "<group>"; };
		7B6003C32488F03800149E9D /* BaseExpandableTableViewCell.swift */ = {isa = PBXFileReference; lastKnownFileType = sourcecode.swift; path = BaseExpandableTableViewCell.swift; sourceTree = "<group>"; };
		7B6003C52488F0CD00149E9D /* MyModel.swift */ = {isa = PBXFileReference; lastKnownFileType = sourcecode.swift; path = MyModel.swift; sourceTree = "<group>"; };
		7B6003C72488F2AA00149E9D /* ExtraViewTableViewCell.swift */ = {isa = PBXFileReference; lastKnownFileType = sourcecode.swift; path = ExtraViewTableViewCell.swift; sourceTree = "<group>"; };
		7B6003C92488F4EF00149E9D /* ExtraModel.swift */ = {isa = PBXFileReference; lastKnownFileType = sourcecode.swift; path = ExtraModel.swift; sourceTree = "<group>"; };
		7B68B189248A2A6000D8A7EE /* MainModel.swift */ = {isa = PBXFileReference; lastKnownFileType = sourcecode.swift; path = MainModel.swift; sourceTree = "<group>"; };
		7B68B18B248A2AB000D8A7EE /* Heights.swift */ = {isa = PBXFileReference; lastKnownFileType = sourcecode.swift; path = Heights.swift; sourceTree = "<group>"; };
/* End PBXFileReference section */

/* Begin PBXFrameworksBuildPhase section */
		7B60038D2488F01C00149E9D /* Frameworks */ = {
			isa = PBXFrameworksBuildPhase;
			buildActionMask = 2147483647;
			files = (
			);
			runOnlyForDeploymentPostprocessing = 0;
		};
		7B6003A32488F01F00149E9D /* Frameworks */ = {
			isa = PBXFrameworksBuildPhase;
			buildActionMask = 2147483647;
			files = (
			);
			runOnlyForDeploymentPostprocessing = 0;
		};
		7B6003AE2488F01F00149E9D /* Frameworks */ = {
			isa = PBXFrameworksBuildPhase;
			buildActionMask = 2147483647;
			files = (
			);
			runOnlyForDeploymentPostprocessing = 0;
		};
/* End PBXFrameworksBuildPhase section */

/* Begin PBXGroup section */
		7B6003872488F01C00149E9D = {
			isa = PBXGroup;
			children = (
				7B6003922488F01C00149E9D /* ExpandTableViewCell2 */,
				7B6003A92488F01F00149E9D /* ExpandTableViewCell2Tests */,
				7B6003B42488F01F00149E9D /* ExpandTableViewCell2UITests */,
				7B6003912488F01C00149E9D /* Products */,
			);
			sourceTree = "<group>";
		};
		7B6003912488F01C00149E9D /* Products */ = {
			isa = PBXGroup;
			children = (
				7B6003902488F01C00149E9D /* ExpandTableViewCell2.app */,
				7B6003A62488F01F00149E9D /* ExpandTableViewCell2Tests.xctest */,
				7B6003B12488F01F00149E9D /* ExpandTableViewCell2UITests.xctest */,
			);
			name = Products;
			sourceTree = "<group>";
		};
		7B6003922488F01C00149E9D /* ExpandTableViewCell2 */ = {
			isa = PBXGroup;
			children = (
				7B6003932488F01C00149E9D /* AppDelegate.swift */,
				7B6003952488F01C00149E9D /* SceneDelegate.swift */,
				7B6003972488F01C00149E9D /* ViewController.swift */,
				7B6003C32488F03800149E9D /* BaseExpandableTableViewCell.swift */,
				7B6003C72488F2AA00149E9D /* ExtraViewTableViewCell.swift */,
				7B6003C52488F0CD00149E9D /* MyModel.swift */,
				7B68B189248A2A6000D8A7EE /* MainModel.swift */,
				7B68B18B248A2AB000D8A7EE /* Heights.swift */,
				7B6003C92488F4EF00149E9D /* ExtraModel.swift */,
				7B6003992488F01C00149E9D /* Main.storyboard */,
				7B60039C2488F01E00149E9D /* Assets.xcassets */,
				7B60039E2488F01E00149E9D /* LaunchScreen.storyboard */,
				7B6003A12488F01E00149E9D /* Info.plist */,
			);
			path = ExpandTableViewCell2;
			sourceTree = "<group>";
		};
		7B6003A92488F01F00149E9D /* ExpandTableViewCell2Tests */ = {
			isa = PBXGroup;
			children = (
				7B6003AA2488F01F00149E9D /* ExpandTableViewCell2Tests.swift */,
				7B6003AC2488F01F00149E9D /* Info.plist */,
			);
			path = ExpandTableViewCell2Tests;
			sourceTree = "<group>";
		};
		7B6003B42488F01F00149E9D /* ExpandTableViewCell2UITests */ = {
			isa = PBXGroup;
			children = (
				7B6003B52488F01F00149E9D /* ExpandTableViewCell2UITests.swift */,
				7B6003B72488F01F00149E9D /* Info.plist */,
			);
			path = ExpandTableViewCell2UITests;
			sourceTree = "<group>";
		};
/* End PBXGroup section */

/* Begin PBXNativeTarget section */
		7B60038F2488F01C00149E9D /* ExpandTableViewCell2 */ = {
			isa = PBXNativeTarget;
			buildConfigurationList = 7B6003BA2488F01F00149E9D /* Build configuration list for PBXNativeTarget "ExpandTableViewCell2" */;
			buildPhases = (
				7B60038C2488F01C00149E9D /* Sources */,
				7B60038D2488F01C00149E9D /* Frameworks */,
				7B60038E2488F01C00149E9D /* Resources */,
			);
			buildRules = (
			);
			dependencies = (
			);
			name = ExpandTableViewCell2;
			productName = ExpandTableViewCell2;
			productReference = 7B6003902488F01C00149E9D /* ExpandTableViewCell2.app */;
			productType = "com.apple.product-type.application";
		};
		7B6003A52488F01F00149E9D /* ExpandTableViewCell2Tests */ = {
			isa = PBXNativeTarget;
			buildConfigurationList = 7B6003BD2488F01F00149E9D /* Build configuration list for PBXNativeTarget "ExpandTableViewCell2Tests" */;
			buildPhases = (
				7B6003A22488F01F00149E9D /* Sources */,
				7B6003A32488F01F00149E9D /* Frameworks */,
				7B6003A42488F01F00149E9D /* Resources */,
			);
			buildRules = (
			);
			dependencies = (
				7B6003A82488F01F00149E9D /* PBXTargetDependency */,
			);
			name = ExpandTableViewCell2Tests;
			productName = ExpandTableViewCell2Tests;
			productReference = 7B6003A62488F01F00149E9D /* ExpandTableViewCell2Tests.xctest */;
			productType = "com.apple.product-type.bundle.unit-test";
		};
		7B6003B02488F01F00149E9D /* ExpandTableViewCell2UITests */ = {
			isa = PBXNativeTarget;
			buildConfigurationList = 7B6003C02488F01F00149E9D /* Build configuration list for PBXNativeTarget "ExpandTableViewCell2UITests" */;
			buildPhases = (
				7B6003AD2488F01F00149E9D /* Sources */,
				7B6003AE2488F01F00149E9D /* Frameworks */,
				7B6003AF2488F01F00149E9D /* Resources */,
			);
			buildRules = (
			);
			dependencies = (
				7B6003B32488F01F00149E9D /* PBXTargetDependency */,
			);
			name = ExpandTableViewCell2UITests;
			productName = ExpandTableViewCell2UITests;
			productReference = 7B6003B12488F01F00149E9D /* ExpandTableViewCell2UITests.xctest */;
			productType = "com.apple.product-type.bundle.ui-testing";
		};
/* End PBXNativeTarget section */

/* Begin PBXProject section */
		7B6003882488F01C00149E9D /* Project object */ = {
			isa = PBXProject;
			attributes = {
				LastSwiftUpdateCheck = 1140;
				LastUpgradeCheck = 1140;
				ORGANIZATIONNAME = "Daniel Hjärtström";
				TargetAttributes = {
					7B60038F2488F01C00149E9D = {
						CreatedOnToolsVersion = 11.4;
					};
					7B6003A52488F01F00149E9D = {
						CreatedOnToolsVersion = 11.4;
						TestTargetID = 7B60038F2488F01C00149E9D;
					};
					7B6003B02488F01F00149E9D = {
						CreatedOnToolsVersion = 11.4;
						TestTargetID = 7B60038F2488F01C00149E9D;
					};
				};
			};
			buildConfigurationList = 7B60038B2488F01C00149E9D /* Build configuration list for PBXProject "ExpandTableViewCell2" */;
			compatibilityVersion = "Xcode 9.3";
			developmentRegion = en;
			hasScannedForEncodings = 0;
			knownRegions = (
				en,
				Base,
			);
			mainGroup = 7B6003872488F01C00149E9D;
			productRefGroup = 7B6003912488F01C00149E9D /* Products */;
			projectDirPath = "";
			projectRoot = "";
			targets = (
				7B60038F2488F01C00149E9D /* ExpandTableViewCell2 */,
				7B6003A52488F01F00149E9D /* ExpandTableViewCell2Tests */,
				7B6003B02488F01F00149E9D /* ExpandTableViewCell2UITests */,
			);
		};
/* End PBXProject section */

/* Begin PBXResourcesBuildPhase section */
		7B60038E2488F01C00149E9D /* Resources */ = {
			isa = PBXResourcesBuildPhase;
			buildActionMask = 2147483647;
			files = (
				7B6003A02488F01E00149E9D /* LaunchScreen.storyboard in Resources */,
				7B60039D2488F01E00149E9D /* Assets.xcassets in Resources */,
				7B60039B2488F01C00149E9D /* Main.storyboard in Resources */,
			);
			runOnlyForDeploymentPostprocessing = 0;
		};
		7B6003A42488F01F00149E9D /* Resources */ = {
			isa = PBXResourcesBuildPhase;
			buildActionMask = 2147483647;
			files = (
			);
			runOnlyForDeploymentPostprocessing = 0;
		};
		7B6003AF2488F01F00149E9D /* Resources */ = {
			isa = PBXResourcesBuildPhase;
			buildActionMask = 2147483647;
			files = (
			);
			runOnlyForDeploymentPostprocessing = 0;
		};
/* End PBXResourcesBuildPhase section */

/* Begin PBXSourcesBuildPhase section */
		7B60038C2488F01C00149E9D /* Sources */ = {
			isa = PBXSourcesBuildPhase;
			buildActionMask = 2147483647;
			files = (
				7B68B18A248A2A6000D8A7EE /* MainModel.swift in Sources */,
				7B6003982488F01C00149E9D /* ViewController.swift in Sources */,
				7B68B18C248A2AB000D8A7EE /* Heights.swift in Sources */,
				7B6003C82488F2AA00149E9D /* ExtraViewTableViewCell.swift in Sources */,
				7B6003942488F01C00149E9D /* AppDelegate.swift in Sources */,
				7B6003C62488F0CD00149E9D /* MyModel.swift in Sources */,
				7B6003CA2488F4EF00149E9D /* ExtraModel.swift in Sources */,
				7B6003C42488F03800149E9D /* BaseExpandableTableViewCell.swift in Sources */,
				7B6003962488F01C00149E9D /* SceneDelegate.swift in Sources */,
			);
			runOnlyForDeploymentPostprocessing = 0;
		};
		7B6003A22488F01F00149E9D /* Sources */ = {
			isa = PBXSourcesBuildPhase;
			buildActionMask = 2147483647;
			files = (
				7B6003AB2488F01F00149E9D /* ExpandTableViewCell2Tests.swift in Sources */,
			);
			runOnlyForDeploymentPostprocessing = 0;
		};
		7B6003AD2488F01F00149E9D /* Sources */ = {
			isa = PBXSourcesBuildPhase;
			buildActionMask = 2147483647;
			files = (
				7B6003B62488F01F00149E9D /* ExpandTableViewCell2UITests.swift in Sources */,
			);
			runOnlyForDeploymentPostprocessing = 0;
		};
/* End PBXSourcesBuildPhase section */

/* Begin PBXTargetDependency section */
		7B6003A82488F01F00149E9D /* PBXTargetDependency */ = {
			isa = PBXTargetDependency;
			target = 7B60038F2488F01C00149E9D /* ExpandTableViewCell2 */;
			targetProxy = 7B6003A72488F01F00149E9D /* PBXContainerItemProxy */;
		};
		7B6003B32488F01F00149E9D /* PBXTargetDependency */ = {
			isa = PBXTargetDependency;
			target = 7B60038F2488F01C00149E9D /* ExpandTableViewCell2 */;
			targetProxy = 7B6003B22488F01F00149E9D /* PBXContainerItemProxy */;
		};
/* End PBXTargetDependency section */

/* Begin PBXVariantGroup section */
		7B6003992488F01C00149E9D /* Main.storyboard */ = {
			isa = PBXVariantGroup;
			children = (
				7B60039A2488F01C00149E9D /* Base */,
			);
			name = Main.storyboard;
			sourceTree = "<group>";
		};
		7B60039E2488F01E00149E9D /* LaunchScreen.storyboard */ = {
			isa = PBXVariantGroup;
			children = (
				7B60039F2488F01E00149E9D /* Base */,
			);
			name = LaunchScreen.storyboard;
			sourceTree = "<group>";
		};
/* End PBXVariantGroup section */

/* Begin XCBuildConfiguration section */
		7B6003B82488F01F00149E9D /* Debug */ = {
			isa = XCBuildConfiguration;
			buildSettings = {
				ALWAYS_SEARCH_USER_PATHS = NO;
				CLANG_ANALYZER_NONNULL = YES;
				CLANG_ANALYZER_NUMBER_OBJECT_CONVERSION = YES_AGGRESSIVE;
				CLANG_CXX_LANGUAGE_STANDARD = "gnu++14";
				CLANG_CXX_LIBRARY = "libc++";
				CLANG_ENABLE_MODULES = YES;
				CLANG_ENABLE_OBJC_ARC = YES;
				CLANG_ENABLE_OBJC_WEAK = YES;
				CLANG_WARN_BLOCK_CAPTURE_AUTORELEASING = YES;
				CLANG_WARN_BOOL_CONVERSION = YES;
				CLANG_WARN_COMMA = YES;
				CLANG_WARN_CONSTANT_CONVERSION = YES;
				CLANG_WARN_DEPRECATED_OBJC_IMPLEMENTATIONS = YES;
				CLANG_WARN_DIRECT_OBJC_ISA_USAGE = YES_ERROR;
				CLANG_WARN_DOCUMENTATION_COMMENTS = YES;
				CLANG_WARN_EMPTY_BODY = YES;
				CLANG_WARN_ENUM_CONVERSION = YES;
				CLANG_WARN_INFINITE_RECURSION = YES;
				CLANG_WARN_INT_CONVERSION = YES;
				CLANG_WARN_NON_LITERAL_NULL_CONVERSION = YES;
				CLANG_WARN_OBJC_IMPLICIT_RETAIN_SELF = YES;
				CLANG_WARN_OBJC_LITERAL_CONVERSION = YES;
				CLANG_WARN_OBJC_ROOT_CLASS = YES_ERROR;
				CLANG_WARN_RANGE_LOOP_ANALYSIS = YES;
				CLANG_WARN_STRICT_PROTOTYPES = YES;
				CLANG_WARN_SUSPICIOUS_MOVE = YES;
				CLANG_WARN_UNGUARDED_AVAILABILITY = YES_AGGRESSIVE;
				CLANG_WARN_UNREACHABLE_CODE = YES;
				CLANG_WARN__DUPLICATE_METHOD_MATCH = YES;
				COPY_PHASE_STRIP = NO;
				DEBUG_INFORMATION_FORMAT = dwarf;
				ENABLE_STRICT_OBJC_MSGSEND = YES;
				ENABLE_TESTABILITY = YES;
				GCC_C_LANGUAGE_STANDARD = gnu11;
				GCC_DYNAMIC_NO_PIC = NO;
				GCC_NO_COMMON_BLOCKS = YES;
				GCC_OPTIMIZATION_LEVEL = 0;
				GCC_PREPROCESSOR_DEFINITIONS = (
					"DEBUG=1",
					"$(inherited)",
				);
				GCC_WARN_64_TO_32_BIT_CONVERSION = YES;
				GCC_WARN_ABOUT_RETURN_TYPE = YES_ERROR;
				GCC_WARN_UNDECLARED_SELECTOR = YES;
				GCC_WARN_UNINITIALIZED_AUTOS = YES_AGGRESSIVE;
				GCC_WARN_UNUSED_FUNCTION = YES;
				GCC_WARN_UNUSED_VARIABLE = YES;
				IPHONEOS_DEPLOYMENT_TARGET = 13.4;
				MTL_ENABLE_DEBUG_INFO = INCLUDE_SOURCE;
				MTL_FAST_MATH = YES;
				ONLY_ACTIVE_ARCH = YES;
				SDKROOT = iphoneos;
				SWIFT_ACTIVE_COMPILATION_CONDITIONS = DEBUG;
				SWIFT_OPTIMIZATION_LEVEL = "-Onone";
			};
			name = Debug;
		};
		7B6003B92488F01F00149E9D /* Release */ = {
			isa = XCBuildConfiguration;
			buildSettings = {
				ALWAYS_SEARCH_USER_PATHS = NO;
				CLANG_ANALYZER_NONNULL = YES;
				CLANG_ANALYZER_NUMBER_OBJECT_CONVERSION = YES_AGGRESSIVE;
				CLANG_CXX_LANGUAGE_STANDARD = "gnu++14";
				CLANG_CXX_LIBRARY = "libc++";
				CLANG_ENABLE_MODULES = YES;
				CLANG_ENABLE_OBJC_ARC = YES;
				CLANG_ENABLE_OBJC_WEAK = YES;
				CLANG_WARN_BLOCK_CAPTURE_AUTORELEASING = YES;
				CLANG_WARN_BOOL_CONVERSION = YES;
				CLANG_WARN_COMMA = YES;
				CLANG_WARN_CONSTANT_CONVERSION = YES;
				CLANG_WARN_DEPRECATED_OBJC_IMPLEMENTATIONS = YES;
				CLANG_WARN_DIRECT_OBJC_ISA_USAGE = YES_ERROR;
				CLANG_WARN_DOCUMENTATION_COMMENTS = YES;
				CLANG_WARN_EMPTY_BODY = YES;
				CLANG_WARN_ENUM_CONVERSION = YES;
				CLANG_WARN_INFINITE_RECURSION = YES;
				CLANG_WARN_INT_CONVERSION = YES;
				CLANG_WARN_NON_LITERAL_NULL_CONVERSION = YES;
				CLANG_WARN_OBJC_IMPLICIT_RETAIN_SELF = YES;
				CLANG_WARN_OBJC_LITERAL_CONVERSION = YES;
				CLANG_WARN_OBJC_ROOT_CLASS = YES_ERROR;
				CLANG_WARN_RANGE_LOOP_ANALYSIS = YES;
				CLANG_WARN_STRICT_PROTOTYPES = YES;
				CLANG_WARN_SUSPICIOUS_MOVE = YES;
				CLANG_WARN_UNGUARDED_AVAILABILITY = YES_AGGRESSIVE;
				CLANG_WARN_UNREACHABLE_CODE = YES;
				CLANG_WARN__DUPLICATE_METHOD_MATCH = YES;
				COPY_PHASE_STRIP = NO;
				DEBUG_INFORMATION_FORMAT = "dwarf-with-dsym";
				ENABLE_NS_ASSERTIONS = NO;
				ENABLE_STRICT_OBJC_MSGSEND = YES;
				GCC_C_LANGUAGE_STANDARD = gnu11;
				GCC_NO_COMMON_BLOCKS = YES;
				GCC_WARN_64_TO_32_BIT_CONVERSION = YES;
				GCC_WARN_ABOUT_RETURN_TYPE = YES_ERROR;
				GCC_WARN_UNDECLARED_SELECTOR = YES;
				GCC_WARN_UNINITIALIZED_AUTOS = YES_AGGRESSIVE;
				GCC_WARN_UNUSED_FUNCTION = YES;
				GCC_WARN_UNUSED_VARIABLE = YES;
				IPHONEOS_DEPLOYMENT_TARGET = 13.4;
				MTL_ENABLE_DEBUG_INFO = NO;
				MTL_FAST_MATH = YES;
				SDKROOT = iphoneos;
				SWIFT_COMPILATION_MODE = wholemodule;
				SWIFT_OPTIMIZATION_LEVEL = "-O";
				VALIDATE_PRODUCT = YES;
			};
			name = Release;
		};
		7B6003BB2488F01F00149E9D /* Debug */ = {
			isa = XCBuildConfiguration;
			buildSettings = {
				ASSETCATALOG_COMPILER_APPICON_NAME = AppIcon;
				CODE_SIGN_STYLE = Automatic;
				DEVELOPMENT_TEAM = 6ZL797GF7H;
				INFOPLIST_FILE = ExpandTableViewCell2/Info.plist;
				LD_RUNPATH_SEARCH_PATHS = (
					"$(inherited)",
					"@executable_path/Frameworks",
				);
				PRODUCT_BUNDLE_IDENTIFIER = com.daniel.hjartstrom.ExpandTableViewCell2;
				PRODUCT_NAME = "$(TARGET_NAME)";
				SWIFT_VERSION = 5.0;
				TARGETED_DEVICE_FAMILY = "1,2";
			};
			name = Debug;
		};
		7B6003BC2488F01F00149E9D /* Release */ = {
			isa = XCBuildConfiguration;
			buildSettings = {
				ASSETCATALOG_COMPILER_APPICON_NAME = AppIcon;
				CODE_SIGN_STYLE = Automatic;
				DEVELOPMENT_TEAM = 6ZL797GF7H;
				INFOPLIST_FILE = ExpandTableViewCell2/Info.plist;
				LD_RUNPATH_SEARCH_PATHS = (
					"$(inherited)",
					"@executable_path/Frameworks",
				);
				PRODUCT_BUNDLE_IDENTIFIER = com.daniel.hjartstrom.ExpandTableViewCell2;
				PRODUCT_NAME = "$(TARGET_NAME)";
				SWIFT_VERSION = 5.0;
				TARGETED_DEVICE_FAMILY = "1,2";
			};
			name = Release;
		};
		7B6003BE2488F01F00149E9D /* Debug */ = {
			isa = XCBuildConfiguration;
			buildSettings = {
				ALWAYS_EMBED_SWIFT_STANDARD_LIBRARIES = YES;
				BUNDLE_LOADER = "$(TEST_HOST)";
				CODE_SIGN_STYLE = Automatic;
				DEVELOPMENT_TEAM = 6ZL797GF7H;
				INFOPLIST_FILE = ExpandTableViewCell2Tests/Info.plist;
				IPHONEOS_DEPLOYMENT_TARGET = 13.4;
				LD_RUNPATH_SEARCH_PATHS = (
					"$(inherited)",
					"@executable_path/Frameworks",
					"@loader_path/Frameworks",
				);
				PRODUCT_BUNDLE_IDENTIFIER = com.daniel.hjartstrom.ExpandTableViewCell2Tests;
				PRODUCT_NAME = "$(TARGET_NAME)";
				SWIFT_VERSION = 5.0;
				TARGETED_DEVICE_FAMILY = "1,2";
				TEST_HOST = "$(BUILT_PRODUCTS_DIR)/ExpandTableViewCell2.app/ExpandTableViewCell2";
			};
			name = Debug;
		};
		7B6003BF2488F01F00149E9D /* Release */ = {
			isa = XCBuildConfiguration;
			buildSettings = {
				ALWAYS_EMBED_SWIFT_STANDARD_LIBRARIES = YES;
				BUNDLE_LOADER = "$(TEST_HOST)";
				CODE_SIGN_STYLE = Automatic;
				DEVELOPMENT_TEAM = 6ZL797GF7H;
				INFOPLIST_FILE = ExpandTableViewCell2Tests/Info.plist;
				IPHONEOS_DEPLOYMENT_TARGET = 13.4;
				LD_RUNPATH_SEARCH_PATHS = (
					"$(inherited)",
					"@executable_path/Frameworks",
					"@loader_path/Frameworks",
				);
				PRODUCT_BUNDLE_IDENTIFIER = com.daniel.hjartstrom.ExpandTableViewCell2Tests;
				PRODUCT_NAME = "$(TARGET_NAME)";
				SWIFT_VERSION = 5.0;
				TARGETED_DEVICE_FAMILY = "1,2";
				TEST_HOST = "$(BUILT_PRODUCTS_DIR)/ExpandTableViewCell2.app/ExpandTableViewCell2";
			};
			name = Release;
		};
		7B6003C12488F01F00149E9D /* Debug */ = {
			isa = XCBuildConfiguration;
			buildSettings = {
				ALWAYS_EMBED_SWIFT_STANDARD_LIBRARIES = YES;
				CODE_SIGN_STYLE = Automatic;
				DEVELOPMENT_TEAM = 6ZL797GF7H;
				INFOPLIST_FILE = ExpandTableViewCell2UITests/Info.plist;
				LD_RUNPATH_SEARCH_PATHS = (
					"$(inherited)",
					"@executable_path/Frameworks",
					"@loader_path/Frameworks",
				);
				PRODUCT_BUNDLE_IDENTIFIER = com.daniel.hjartstrom.ExpandTableViewCell2UITests;
				PRODUCT_NAME = "$(TARGET_NAME)";
				SWIFT_VERSION = 5.0;
				TARGETED_DEVICE_FAMILY = "1,2";
				TEST_TARGET_NAME = ExpandTableViewCell2;
			};
			name = Debug;
		};
		7B6003C22488F01F00149E9D /* Release */ = {
			isa = XCBuildConfiguration;
			buildSettings = {
				ALWAYS_EMBED_SWIFT_STANDARD_LIBRARIES = YES;
				CODE_SIGN_STYLE = Automatic;
				DEVELOPMENT_TEAM = 6ZL797GF7H;
				INFOPLIST_FILE = ExpandTableViewCell2UITests/Info.plist;
				LD_RUNPATH_SEARCH_PATHS = (
					"$(inherited)",
					"@executable_path/Frameworks",
					"@loader_path/Frameworks",
				);
				PRODUCT_BUNDLE_IDENTIFIER = com.daniel.hjartstrom.ExpandTableViewCell2UITests;
				PRODUCT_NAME = "$(TARGET_NAME)";
				SWIFT_VERSION = 5.0;
				TARGETED_DEVICE_FAMILY = "1,2";
				TEST_TARGET_NAME = ExpandTableViewCell2;
			};
			name = Release;
		};
/* End XCBuildConfiguration section */

/* Begin XCConfigurationList section */
		7B60038B2488F01C00149E9D /* Build configuration list for PBXProject "ExpandTableViewCell2" */ = {
			isa = XCConfigurationList;
			buildConfigurations = (
				7B6003B82488F01F00149E9D /* Debug */,
				7B6003B92488F01F00149E9D /* Release */,
			);
			defaultConfigurationIsVisible = 0;
			defaultConfigurationName = Release;
		};
		7B6003BA2488F01F00149E9D /* Build configuration list for PBXNativeTarget "ExpandTableViewCell2" */ = {
			isa = XCConfigurationList;
			buildConfigurations = (
				7B6003BB2488F01F00149E9D /* Debug */,
				7B6003BC2488F01F00149E9D /* Release */,
			);
			defaultConfigurationIsVisible = 0;
			defaultConfigurationName = Release;
		};
		7B6003BD2488F01F00149E9D /* Build configuration list for PBXNativeTarget "ExpandTableViewCell2Tests" */ = {
			isa = XCConfigurationList;
			buildConfigurations = (
				7B6003BE2488F01F00149E9D /* Debug */,
				7B6003BF2488F01F00149E9D /* Release */,
			);
			defaultConfigurationIsVisible = 0;
			defaultConfigurationName = Release;
		};
		7B6003C02488F01F00149E9D /* Build configuration list for PBXNativeTarget "ExpandTableViewCell2UITests" */ = {
			isa = XCConfigurationList;
			buildConfigurations = (
				7B6003C12488F01F00149E9D /* Debug */,
				7B6003C22488F01F00149E9D /* Release */,
			);
			defaultConfigurationIsVisible = 0;
			defaultConfigurationName = Release;
		};
/* End XCConfigurationList section */
	};
	rootObject = 7B6003882488F01C00149E9D /* Project object */;
}
